
Microsoft Visual Studio Solution File, Format Version 12.00
# Visual Studio Version 17
VisualStudioVersion = 17.11.35312.102
MinimumVisualStudioVersion = 10.0.40219.1
Project("{9A19103F-16F7-4668-BE54-9A1E7A4F7556}") = "VMSKioskAgentServicve", "CardDispenserService\VMSKioskAgentServicve.csproj", "{F328987D-D084-430E-B076-23A942777A5E}"
EndProject
Global
	GlobalSection(SolutionConfigurationPlatforms) = preSolution
		Debug|Any CPU = Debug|Any CPU
		Release|Any CPU = Release|Any CPU
	EndGlobalSection
	GlobalSection(ProjectConfigurationPlatforms) = postSolution
		{F328987D-D084-430E-B076-23A942777A5E}.Debug|Any CPU.ActiveCfg = Debug|Any CPU
		{F328987D-D084-430E-B076-23A942777A5E}.Debug|Any CPU.Build.0 = Debug|Any CPU
		{F328987D-D084-430E-B076-23A942777A5E}.Release|Any CPU.ActiveCfg = Release|Any CPU
		{F328987D-D084-430E-B076-23A942777A5E}.Release|Any CPU.Build.0 = Release|Any CPU
	EndGlobalSection
	GlobalSection(SolutionProperties) = preSolution
		HideSolutionNode = FALSE
	EndGlobalSection
	GlobalSection(ExtensibilityGlobals) = postSolution
		SolutionGuid = {0A9F0E01-4C02-42D1-812A-C44F00E03E1F}
	EndGlobalSection
EndGlobal
